
Microsoft Visual Studio Solution File, Format Version 12.00
# Visual Studio Version 16
VisualStudioVersion = 16.0.29324.140
MinimumVisualStudioVersion = 10.0.40219.1
Project("{FAE04EC0-301F-11D3-BF4B-00C04F79EFBC}") = "ClientMessanger", "ClientMessanger\ClientMessanger.csproj", "{8D5E6AD8-0277-424B-BAD0-C782BE37DA65}"
EndProject
Global
	GlobalSection(SolutionConfigurationPlatforms) = preSolution
		Debug|Any CPU = Debug|Any CPU
		Release|Any CPU = Release|Any CPU
	EndGlobalSection
	GlobalSection(ProjectConfigurationPlatforms) = postSolution
		{8D5E6AD8-0277-424B-BAD0-C782BE37DA65}.Debug|Any CPU.ActiveCfg = Debug|Any CPU
		{8D5E6AD8-0277-424B-BAD0-C782BE37DA65}.Debug|Any CPU.Build.0 = Debug|Any CPU
		{8D5E6AD8-0277-424B-BAD0-C782BE37DA65}.Release|Any CPU.ActiveCfg = Release|Any CPU
		{8D5E6AD8-0277-424B-BAD0-C782BE37DA65}.Release|Any CPU.Build.0 = Release|Any CPU
	EndGlobalSection
	GlobalSection(SolutionProperties) = preSolution
		HideSolutionNode = FALSE
	EndGlobalSection
	GlobalSection(ExtensibilityGlobals) = postSolution
		SolutionGuid = {75984EAD-C62C-437B-BC7E-48FE6D96CAD9}
	EndGlobalSection
EndGlobal
